
Microsoft Visual Studio Solution File, Format Version 12.00
Project("{FAE04EC0-301F-11D3-BF4B-00C04F79EFBC}") = "ConsoleApp1", "ConsoleApp1\ConsoleApp1.csproj", "{7088F1DB-C7A5-42E1-99B4-0FA2B06A3FEC}"
EndProject
Project("{FAE04EC0-301F-11D3-BF4B-00C04F79EFBC}") = "ConsoleApp2", "ConsoleApp2\ConsoleApp2.csproj", "{335D81AB-CEAF-42AD-832C-9010622807BC}"
EndProject
Global
	GlobalSection(SolutionConfigurationPlatforms) = preSolution
		Debug|Any CPU = Debug|Any CPU
		Release|Any CPU = Release|Any CPU
	EndGlobalSection
	GlobalSection(ProjectConfigurationPlatforms) = postSolution
		{7088F1DB-C7A5-42E1-99B4-0FA2B06A3FEC}.Debug|Any CPU.ActiveCfg = Debug|Any CPU
		{7088F1DB-C7A5-42E1-99B4-0FA2B06A3FEC}.Debug|Any CPU.Build.0 = Debug|Any CPU
		{7088F1DB-C7A5-42E1-99B4-0FA2B06A3FEC}.Release|Any CPU.ActiveCfg = Release|Any CPU
		{7088F1DB-C7A5-42E1-99B4-0FA2B06A3FEC}.Release|Any CPU.Build.0 = Release|Any CPU
		{335D81AB-CEAF-42AD-832C-9010622807BC}.Debug|Any CPU.ActiveCfg = Debug|Any CPU
		{335D81AB-CEAF-42AD-832C-9010622807BC}.Debug|Any CPU.Build.0 = Debug|Any CPU
		{335D81AB-CEAF-42AD-832C-9010622807BC}.Release|Any CPU.ActiveCfg = Release|Any CPU
		{335D81AB-CEAF-42AD-832C-9010622807BC}.Release|Any CPU.Build.0 = Release|Any CPU
	EndGlobalSection
EndGlobal
